{
    "requires": true,
    "lockfileVersion": 1,
    "dependencies": {
        "lodash": {
            "version": "4.17.11",
            "resolved": "https://registry.npmjs.org/lodash/-/lodash-4.17.11.tgz",
            "integrity": "sha512-cQKh8igo5QUhZ7lg38DYWAxMvjSAKG0A8wGSVimP07SIUEK2UO+arSRKbRZWtelMtN5V0Hkwh5ryOto/SshYIg==",
            "dev": true
        },
        "lodash.shuffle": {
            "version": "4.2.0",
            "resolved": "https://registry.npmjs.org/lodash.shuffle/-/lodash.shuffle-4.2.0.tgz",
            "integrity": "sha1-FFtQU8+HX29cKjP0i26ZSMbse0s="
        },
        "sweetalert2": {
            "version": "8.8.5",
            "resolved": "https://registry.npmjs.org/sweetalert2/-/sweetalert2-8.8.5.tgz",
            "integrity": "sha512-Ajg4u6N0NEHgQ13xwLAXgTmLwFeDwN9JhgCC39YsIwTCN0yqEN8KRnLpmS0izM3GhdzgBmWA6WSgcKBZDyFfUw=="
        }
    }
}
